# THIS IS AN AUTOGENERATED FILE. DO NOT EDIT THIS FILE DIRECTLY.
# yarn lockfile v1


"@types/node@16":
  version "16.18.97"
  resolved "https://registry.yarnpkg.com/@types/node/-/node-16.18.97.tgz#d7926a8030f0d714d555b4550c0cc7731495cfe5"
  integrity sha512-4muilE1Lbfn57unR+/nT9AFjWk0MtWi5muwCEJqnOvfRQDbSfLCUdN7vCIg8TYuaANfhLOV85ve+FNpiUsbSRg==

"@types/which@3":
  version "3.0.3"
  resolved "https://registry.yarnpkg.com/@types/which/-/which-3.0.3.tgz#41142ed5a4743128f1bc0b69c46890f0453ddb89"
  integrity sha512-2C1+XoY0huExTbs8MQv1DuS5FS86+SEjdM9F/+GS61gg5Hqbtj8ZiDSx8MfWcyei907fIPbfPGCOrNUTnVHY1g==

isexe@^3.1.1:
  version "3.1.1"
  resolved "https://registry.yarnpkg.com/isexe/-/isexe-3.1.1.tgz#4a407e2bd78ddfb14bea0c27c6f7072dde775f0d"
  integrity sha512-LpB/54B+/2J5hqQ7imZHfdU31OlgQqx7ZicVlkm9kzg9/w8GKLEcFfJl/t7DCEDueOyBAD6zCCwTO6Fzs0NoEQ==

node-watch@^0.7.4:
  version "0.7.4"
  resolved "https://registry.yarnpkg.com/node-watch/-/node-watch-0.7.4.tgz#34557106948cd4b8ddff9aa3d284774004548824"
  integrity sha512-RinNxoz4W1cep1b928fuFhvAQ5ag/+1UlMDV7rbyGthBIgsiEouS4kvRayvvboxii4m8eolKOIBo3OjDqbc+uQ==

typescript@5:
  version "5.4.5"
  resolved "https://registry.yarnpkg.com/typescript/-/typescript-5.4.5.tgz#42ccef2c571fdbd0f6718b1d1f5e6e5ef006f611"
  integrity sha512-vcI4UpRgg81oIRUFwR0WSIHKt11nJ7SAVlYNIu+QpqeyXP+gpQJy/Z4+F0aGxSE4MqwjyXvW/TzgkLAx2AGHwQ==

which@4:
  version "4.0.0"
  resolved "https://registry.yarnpkg.com/which/-/which-4.0.0.tgz#cd60b5e74503a3fbcfbf6cd6b4138a8bae644c1a"
  integrity sha512-GlaYyEb07DPxYCKhKzplCWBJtvxZcZMrL+4UkrTSJHHPyZU4mYYTv3qaOe77H7EODLSSopAUFAc6W8U4yqvscg==
  dependencies:
    isexe "^3.1.1"
